// !$*UTF8*$!
{
	archiveVersion = 1;
	classes = {
	};
	objectVersion = 77;
	objects = {

/* Begin PBXBuildFile section */
		411304252DDF31FB00C847C9 /* SwiftMessages in Frameworks */ = {isa = PBXBuildFile; productRef = 411304242DDF31FB00C847C9 /* SwiftMessages */; };
		41EF02232DDDFD9F00367767 /* Swinject in Frameworks */ = {isa = PBXBuildFile; productRef = 41EF02222DDDFD9F00367767 /* Swinject */; };
		41EF02282DDDFDDC00367767 /* RxSwift in Frameworks */ = {isa = PBXBuildFile; productRef = 41EF02272DDDFDDC00367767 /* RxSwift */; };
		41EF022B2DDDFDF400367767 /* SnapKit in Frameworks */ = {isa = PBXBuildFile; productRef = 41EF022A2DDDFDF400367767 /* SnapKit */; };
		41EF023A2DDE06C700367767 /* FirebaseAnalytics in Frameworks */ = {isa = PBXBuildFile; productRef = 41EF02392DDE06C700367767 /* FirebaseAnalytics */; };
		41EF023C2DDE06C700367767 /* FirebaseAppCheck in Frameworks */ = {isa = PBXBuildFile; productRef = 41EF023B2DDE06C700367767 /* FirebaseAppCheck */; };
		41EF023E2DDE06C700367767 /* FirebaseAuth in Frameworks */ = {isa = PBXBuildFile; productRef = 41EF023D2DDE06C700367767 /* FirebaseAuth */; };
		41EF02402DDE06C700367767 /* FirebaseCore in Frameworks */ = {isa = PBXBuildFile; productRef = 41EF023F2DDE06C700367767 /* FirebaseCore */; };
		41EF02422DDE06C700367767 /* FirebaseCrashlytics in Frameworks */ = {isa = PBXBuildFile; productRef = 41EF02412DDE06C700367767 /* FirebaseCrashlytics */; };
		41EF02442DDE06C700367767 /* FirebaseDatabase in Frameworks */ = {isa = PBXBuildFile; productRef = 41EF02432DDE06C700367767 /* FirebaseDatabase */; };
		41EF02462DDE06C700367767 /* FirebaseFirestore in Frameworks */ = {isa = PBXBuildFile; productRef = 41EF02452DDE06C700367767 /* FirebaseFirestore */; };
		41EF02482DDE06C700367767 /* FirebaseInAppMessaging-Beta in Frameworks */ = {isa = PBXBuildFile; productRef = 41EF02472DDE06C700367767 /* FirebaseInAppMessaging-Beta */; };
		41EF024A2DDE06C700367767 /* FirebaseMessaging in Frameworks */ = {isa = PBXBuildFile; productRef = 41EF02492DDE06C700367767 /* FirebaseMessaging */; };
		41EF024C2DDE06C700367767 /* FirebasePerformance in Frameworks */ = {isa = PBXBuildFile; productRef = 41EF024B2DDE06C700367767 /* FirebasePerformance */; };
		41EF024E2DDE06C700367767 /* FirebaseRemoteConfig in Frameworks */ = {isa = PBXBuildFile; productRef = 41EF024D2DDE06C700367767 /* FirebaseRemoteConfig */; };
		41EF02502DDE06C700367767 /* FirebaseStorage in Frameworks */ = {isa = PBXBuildFile; productRef = 41EF024F2DDE06C700367767 /* FirebaseStorage */; };
		41EF02572DDE07FE00367767 /* RealmSwift in Frameworks */ = {isa = PBXBuildFile; productRef = 41EF02562DDE07FE00367767 /* RealmSwift */; };
		41EF02582DDE07FE00367767 /* RealmSwift in Embed Frameworks */ = {isa = PBXBuildFile; productRef = 41EF02562DDE07FE00367767 /* RealmSwift */; settings = {ATTRIBUTES = (CodeSignOnCopy, ); }; };
/* End PBXBuildFile section */

/* Begin PBXCopyFilesBuildPhase section */
		41EF02592DDE07FE00367767 /* Embed Frameworks */ = {
			isa = PBXCopyFilesBuildPhase;
			buildActionMask = 2147483647;
			dstPath = "";
			dstSubfolderSpec = 10;
			files = (
				41EF02582DDE07FE00367767 /* RealmSwift in Embed Frameworks */,
			);
			name = "Embed Frameworks";
			runOnlyForDeploymentPostprocessing = 0;
		};
/* End PBXCopyFilesBuildPhase section */

/* Begin PBXFileReference section */
		41EF02092DDDFCF000367767 /* Waddly.app */ = {isa = PBXFileReference; explicitFileType = wrapper.application; includeInIndex = 0; path = Waddly.app; sourceTree = BUILT_PRODUCTS_DIR; };
/* End PBXFileReference section */

/* Begin PBXFileSystemSynchronizedBuildFileExceptionSet section */
		41EF021B2DDDFCF100367767 /* Exceptions for "Waddly" folder in "Waddly" target */ = {
			isa = PBXFileSystemSynchronizedBuildFileExceptionSet;
			membershipExceptions = (
				Application/Info.plist,
			);
			target = 41EF02082DDDFCF000367767 /* Waddly */;
		};
/* End PBXFileSystemSynchronizedBuildFileExceptionSet section */

/* Begin PBXFileSystemSynchronizedRootGroup section */
		41EF020B2DDDFCF000367767 /* Waddly */ = {
			isa = PBXFileSystemSynchronizedRootGroup;
			exceptions = (
				41EF021B2DDDFCF100367767 /* Exceptions for "Waddly" folder in "Waddly" target */,
			);
			path = Waddly;
			sourceTree = "<group>";
		};
/* End PBXFileSystemSynchronizedRootGroup section */

/* Begin PBXFrameworksBuildPhase section */
		41EF02062DDDFCF000367767 /* Frameworks */ = {
			isa = PBXFrameworksBuildPhase;
			buildActionMask = 2147483647;
			files = (
				41EF02482DDE06C700367767 /* FirebaseInAppMessaging-Beta in Frameworks */,
				41EF024C2DDE06C700367767 /* FirebasePerformance in Frameworks */,
				41EF024A2DDE06C700367767 /* FirebaseMessaging in Frameworks */,
				41EF02282DDDFDDC00367767 /* RxSwift in Frameworks */,
				41EF023A2DDE06C700367767 /* FirebaseAnalytics in Frameworks */,
				41EF022B2DDDFDF400367767 /* SnapKit in Frameworks */,
				41EF024E2DDE06C700367767 /* FirebaseRemoteConfig in Frameworks */,
				41EF023C2DDE06C700367767 /* FirebaseAppCheck in Frameworks */,
				41EF02462DDE06C700367767 /* FirebaseFirestore in Frameworks */,
				411304252DDF31FB00C847C9 /* SwiftMessages in Frameworks */,
				41EF02232DDDFD9F00367767 /* Swinject in Frameworks */,
				41EF02572DDE07FE00367767 /* RealmSwift in Frameworks */,
				41EF02502DDE06C700367767 /* FirebaseStorage in Frameworks */,
				41EF02422DDE06C700367767 /* FirebaseCrashlytics in Frameworks */,
				41EF02442DDE06C700367767 /* FirebaseDatabase in Frameworks */,
				41EF02402DDE06C700367767 /* FirebaseCore in Frameworks */,
				41EF023E2DDE06C700367767 /* FirebaseAuth in Frameworks */,
			);
			runOnlyForDeploymentPostprocessing = 0;
		};
/* End PBXFrameworksBuildPhase section */

/* Begin PBXGroup section */
		41EF02002DDDFCF000367767 = {
			isa = PBXGroup;
			children = (
				41EF020B2DDDFCF000367767 /* Waddly */,
				41EF02552DDE07FE00367767 /* Frameworks */,
				41EF020A2DDDFCF000367767 /* Products */,
			);
			sourceTree = "<group>";
		};
		41EF020A2DDDFCF000367767 /* Products */ = {
			isa = PBXGroup;
			children = (
				41EF02092DDDFCF000367767 /* Waddly.app */,
			);
			name = Products;
			sourceTree = "<group>";
		};
		41EF02552DDE07FE00367767 /* Frameworks */ = {
			isa = PBXGroup;
			children = (
			);
			name = Frameworks;
			sourceTree = "<group>";
		};
/* End PBXGroup section */

/* Begin PBXNativeTarget section */
		41EF02082DDDFCF000367767 /* Waddly */ = {
			isa = PBXNativeTarget;
			buildConfigurationList = 41EF021C2DDDFCF100367767 /* Build configuration list for PBXNativeTarget "Waddly" */;
			buildPhases = (
				41EF02052DDDFCF000367767 /* Sources */,
				41EF02062DDDFCF000367767 /* Frameworks */,
				41EF02072DDDFCF000367767 /* Resources */,
				41EF022C2DDDFE6100367767 /* SwiftLint */,
				41EF02592DDE07FE00367767 /* Embed Frameworks */,
			);
			buildRules = (
			);
			dependencies = (
			);
			fileSystemSynchronizedGroups = (
				41EF020B2DDDFCF000367767 /* Waddly */,
			);
			name = Waddly;
			packageProductDependencies = (
				41EF02222DDDFD9F00367767 /* Swinject */,
				41EF02272DDDFDDC00367767 /* RxSwift */,
				41EF022A2DDDFDF400367767 /* SnapKit */,
				41EF02392DDE06C700367767 /* FirebaseAnalytics */,
				41EF023B2DDE06C700367767 /* FirebaseAppCheck */,
				41EF023D2DDE06C700367767 /* FirebaseAuth */,
				41EF023F2DDE06C700367767 /* FirebaseCore */,
				41EF02412DDE06C700367767 /* FirebaseCrashlytics */,
				41EF02432DDE06C700367767 /* FirebaseDatabase */,
				41EF02452DDE06C700367767 /* FirebaseFirestore */,
				41EF02472DDE06C700367767 /* FirebaseInAppMessaging-Beta */,
				41EF02492DDE06C700367767 /* FirebaseMessaging */,
				41EF024B2DDE06C700367767 /* FirebasePerformance */,
				41EF024D2DDE06C700367767 /* FirebaseRemoteConfig */,
				41EF024F2DDE06C700367767 /* FirebaseStorage */,
				41EF02562DDE07FE00367767 /* RealmSwift */,
				411304242DDF31FB00C847C9 /* SwiftMessages */,
			);
			productName = Waddly;
			productReference = 41EF02092DDDFCF000367767 /* Waddly.app */;
			productType = "com.apple.product-type.application";
		};
/* End PBXNativeTarget section */

/* Begin PBXProject section */
		41EF02012DDDFCF000367767 /* Project object */ = {
			isa = PBXProject;
			attributes = {
				BuildIndependentTargetsInParallel = 1;
				LastSwiftUpdateCheck = 1620;
				LastUpgradeCheck = 1620;
				TargetAttributes = {
					41EF02082DDDFCF000367767 = {
						CreatedOnToolsVersion = 16.2;
					};
				};
			};
			buildConfigurationList = 41EF02042DDDFCF000367767 /* Build configuration list for PBXProject "Waddly" */;
			developmentRegion = en;
			hasScannedForEncodings = 0;
			knownRegions = (
				en,
				Base,
				tr,
			);
			mainGroup = 41EF02002DDDFCF000367767;
			minimizedProjectReferenceProxies = 1;
			packageReferences = (
				41EF02212DDDFD9F00367767 /* XCRemoteSwiftPackageReference "Swinject" */,
				41EF02262DDDFDDC00367767 /* XCRemoteSwiftPackageReference "RxSwift" */,
				41EF02292DDDFDF400367767 /* XCRemoteSwiftPackageReference "SnapKit" */,
				41EF02302DDE015C00367767 /* XCRemoteSwiftPackageReference "realm-swift" */,
				41EF02382DDE06C700367767 /* XCRemoteSwiftPackageReference "firebase-ios-sdk" */,
				411304232DDF31FB00C847C9 /* XCRemoteSwiftPackageReference "SwiftMessages" */,
			);
			preferredProjectObjectVersion = 77;
			productRefGroup = 41EF020A2DDDFCF000367767 /* Products */;
			projectDirPath = "";
			projectRoot = "";
			targets = (
				41EF02082DDDFCF000367767 /* Waddly */,
			);
		};
/* End PBXProject section */

/* Begin PBXResourcesBuildPhase section */
		41EF02072DDDFCF000367767 /* Resources */ = {
			isa = PBXResourcesBuildPhase;
			buildActionMask = 2147483647;
			files = (
			);
			runOnlyForDeploymentPostprocessing = 0;
		};
/* End PBXResourcesBuildPhase section */

/* Begin PBXShellScriptBuildPhase section */
		41EF022C2DDDFE6100367767 /* SwiftLint */ = {
			isa = PBXShellScriptBuildPhase;
			buildActionMask = 2147483647;
			files = (
			);
			inputFileListPaths = (
			);
			inputPaths = (
			);
			name = SwiftLint;
			outputFileListPaths = (
			);
			outputPaths = (
			);
			runOnlyForDeploymentPostprocessing = 0;
			shellPath = /bin/sh;
			shellScript = "if which swiftlint >/dev/null; then\n  swiftlint\nelse\n  echo \"warning: SwiftLint not installed, download from https://github.com/realm/SwiftLint\"\nfi\n";
		};
/* End PBXShellScriptBuildPhase section */

/* Begin PBXSourcesBuildPhase section */
		41EF02052DDDFCF000367767 /* Sources */ = {
			isa = PBXSourcesBuildPhase;
			buildActionMask = 2147483647;
			files = (
			);
			runOnlyForDeploymentPostprocessing = 0;
		};
/* End PBXSourcesBuildPhase section */

/* Begin XCBuildConfiguration section */
		41EF021D2DDDFCF100367767 /* Debug */ = {
			isa = XCBuildConfiguration;
			buildSettings = {
				ASSETCATALOG_COMPILER_APPICON_NAME = AppIcon;
				ASSETCATALOG_COMPILER_GLOBAL_ACCENT_COLOR_NAME = AccentColor;
				CODE_SIGN_STYLE = Automatic;
				CURRENT_PROJECT_VERSION = 1;
				DEVELOPMENT_TEAM = WPPF9Y8987;
				GENERATE_INFOPLIST_FILE = YES;
				INFOPLIST_FILE = Waddly/Application/Info.plist;
				INFOPLIST_KEY_CFBundleDisplayName = Waddly;
				INFOPLIST_KEY_LSApplicationCategoryType = "public.app-category.education";
				INFOPLIST_KEY_UIApplicationSupportsIndirectInputEvents = YES;
				INFOPLIST_KEY_UILaunchStoryboardName = LaunchScreen;
				INFOPLIST_KEY_UISupportedInterfaceOrientations_iPad = "UIInterfaceOrientationPortrait UIInterfaceOrientationPortraitUpsideDown UIInterfaceOrientationLandscapeLeft UIInterfaceOrientationLandscapeRight";
				INFOPLIST_KEY_UISupportedInterfaceOrientations_iPhone = "UIInterfaceOrientationPortrait UIInterfaceOrientationLandscapeLeft UIInterfaceOrientationLandscapeRight";
				IPHONEOS_DEPLOYMENT_TARGET = 15.6;
				LD_RUNPATH_SEARCH_PATHS = (
					"$(inherited)",
					"@executable_path/Frameworks",
				);
				MARKETING_VERSION = 1.0;
				PRODUCT_BUNDLE_IDENTIFIER = com.mehmetalibunsuz.Waddly;
				PRODUCT_NAME = "$(TARGET_NAME)";
				SWIFT_EMIT_LOC_STRINGS = YES;
				SWIFT_VERSION = 5.0;
				TARGETED_DEVICE_FAMILY = "1,2";
			};
			name = Debug;
		};
		41EF021E2DDDFCF100367767 /* Release */ = {
			isa = XCBuildConfiguration;
			buildSettings = {
				ASSETCATALOG_COMPILER_APPICON_NAME = AppIcon;
				ASSETCATALOG_COMPILER_GLOBAL_ACCENT_COLOR_NAME = AccentColor;
				CODE_SIGN_STYLE = Automatic;
				CURRENT_PROJECT_VERSION = 1;
				DEVELOPMENT_TEAM = WPPF9Y8987;
				GENERATE_INFOPLIST_FILE = YES;
				INFOPLIST_FILE = Waddly/Application/Info.plist;
				INFOPLIST_KEY_CFBundleDisplayName = Waddly;
				INFOPLIST_KEY_LSApplicationCategoryType = "public.app-category.education";
				INFOPLIST_KEY_UIApplicationSupportsIndirectInputEvents = YES;
				INFOPLIST_KEY_UILaunchStoryboardName = LaunchScreen;
				INFOPLIST_KEY_UISupportedInterfaceOrientations_iPad = "UIInterfaceOrientationPortrait UIInterfaceOrientationPortraitUpsideDown UIInterfaceOrientationLandscapeLeft UIInterfaceOrientationLandscapeRight";
				INFOPLIST_KEY_UISupportedInterfaceOrientations_iPhone = "UIInterfaceOrientationPortrait UIInterfaceOrientationLandscapeLeft UIInterfaceOrientationLandscapeRight";
				IPHONEOS_DEPLOYMENT_TARGET = 15.6;
				LD_RUNPATH_SEARCH_PATHS = (
					"$(inherited)",
					"@executable_path/Frameworks",
				);
				MARKETING_VERSION = 1.0;
				PRODUCT_BUNDLE_IDENTIFIER = com.mehmetalibunsuz.Waddly;
				PRODUCT_NAME = "$(TARGET_NAME)";
				SWIFT_EMIT_LOC_STRINGS = YES;
				SWIFT_VERSION = 5.0;
				TARGETED_DEVICE_FAMILY = "1,2";
			};
			name = Release;
		};
		41EF021F2DDDFCF100367767 /* Debug */ = {
			isa = XCBuildConfiguration;
			buildSettings = {
				ALWAYS_SEARCH_USER_PATHS = NO;
				ASSETCATALOG_COMPILER_GENERATE_SWIFT_ASSET_SYMBOL_EXTENSIONS = YES;
				CLANG_ANALYZER_NONNULL = YES;
				CLANG_ANALYZER_NUMBER_OBJECT_CONVERSION = YES_AGGRESSIVE;
				CLANG_CXX_LANGUAGE_STANDARD = "gnu++20";
				CLANG_ENABLE_MODULES = YES;
				CLANG_ENABLE_OBJC_ARC = YES;
				CLANG_ENABLE_OBJC_WEAK = YES;
				CLANG_WARN_BLOCK_CAPTURE_AUTORELEASING = YES;
				CLANG_WARN_BOOL_CONVERSION = YES;
				CLANG_WARN_COMMA = YES;
				CLANG_WARN_CONSTANT_CONVERSION = YES;
				CLANG_WARN_DEPRECATED_OBJC_IMPLEMENTATIONS = YES;
				CLANG_WARN_DIRECT_OBJC_ISA_USAGE = YES_ERROR;
				CLANG_WARN_DOCUMENTATION_COMMENTS = YES;
				CLANG_WARN_EMPTY_BODY = YES;
				CLANG_WARN_ENUM_CONVERSION = YES;
				CLANG_WARN_INFINITE_RECURSION = YES;
				CLANG_WARN_INT_CONVERSION = YES;
				CLANG_WARN_NON_LITERAL_NULL_CONVERSION = YES;
				CLANG_WARN_OBJC_IMPLICIT_RETAIN_SELF = YES;
				CLANG_WARN_OBJC_LITERAL_CONVERSION = YES;
				CLANG_WARN_OBJC_ROOT_CLASS = YES_ERROR;
				CLANG_WARN_QUOTED_INCLUDE_IN_FRAMEWORK_HEADER = YES;
				CLANG_WARN_RANGE_LOOP_ANALYSIS = YES;
				CLANG_WARN_STRICT_PROTOTYPES = YES;
				CLANG_WARN_SUSPICIOUS_MOVE = YES;
				CLANG_WARN_UNGUARDED_AVAILABILITY = YES_AGGRESSIVE;
				CLANG_WARN_UNREACHABLE_CODE = YES;
				CLANG_WARN__DUPLICATE_METHOD_MATCH = YES;
				COPY_PHASE_STRIP = NO;
				DEBUG_INFORMATION_FORMAT = dwarf;
				ENABLE_STRICT_OBJC_MSGSEND = YES;
				ENABLE_TESTABILITY = YES;
				ENABLE_USER_SCRIPT_SANDBOXING = YES;
				GCC_C_LANGUAGE_STANDARD = gnu17;
				GCC_DYNAMIC_NO_PIC = NO;
				GCC_NO_COMMON_BLOCKS = YES;
				GCC_OPTIMIZATION_LEVEL = 0;
				GCC_PREPROCESSOR_DEFINITIONS = (
					"DEBUG=1",
					"$(inherited)",
				);
				GCC_WARN_64_TO_32_BIT_CONVERSION = YES;
				GCC_WARN_ABOUT_RETURN_TYPE = YES_ERROR;
				GCC_WARN_UNDECLARED_SELECTOR = YES;
				GCC_WARN_UNINITIALIZED_AUTOS = YES_AGGRESSIVE;
				GCC_WARN_UNUSED_FUNCTION = YES;
				GCC_WARN_UNUSED_VARIABLE = YES;
				IPHONEOS_DEPLOYMENT_TARGET = 15.6;
				LOCALIZATION_PREFERS_STRING_CATALOGS = YES;
				MTL_ENABLE_DEBUG_INFO = INCLUDE_SOURCE;
				MTL_FAST_MATH = YES;
				ONLY_ACTIVE_ARCH = YES;
				SDKROOT = iphoneos;
				SWIFT_ACTIVE_COMPILATION_CONDITIONS = "DEBUG $(inherited)";
				SWIFT_OPTIMIZATION_LEVEL = "-Onone";
			};
			name = Debug;
		};
		41EF02202DDDFCF100367767 /* Release */ = {
			isa = XCBuildConfiguration;
			buildSettings = {
				ALWAYS_SEARCH_USER_PATHS = NO;
				ASSETCATALOG_COMPILER_GENERATE_SWIFT_ASSET_SYMBOL_EXTENSIONS = YES;
				CLANG_ANALYZER_NONNULL = YES;
				CLANG_ANALYZER_NUMBER_OBJECT_CONVERSION = YES_AGGRESSIVE;
				CLANG_CXX_LANGUAGE_STANDARD = "gnu++20";
				CLANG_ENABLE_MODULES = YES;
				CLANG_ENABLE_OBJC_ARC = YES;
				CLANG_ENABLE_OBJC_WEAK = YES;
				CLANG_WARN_BLOCK_CAPTURE_AUTORELEASING = YES;
				CLANG_WARN_BOOL_CONVERSION = YES;
				CLANG_WARN_COMMA = YES;
				CLANG_WARN_CONSTANT_CONVERSION = YES;
				CLANG_WARN_DEPRECATED_OBJC_IMPLEMENTATIONS = YES;
				CLANG_WARN_DIRECT_OBJC_ISA_USAGE = YES_ERROR;
				CLANG_WARN_DOCUMENTATION_COMMENTS = YES;
				CLANG_WARN_EMPTY_BODY = YES;
				CLANG_WARN_ENUM_CONVERSION = YES;
				CLANG_WARN_INFINITE_RECURSION = YES;
				CLANG_WARN_INT_CONVERSION = YES;
				CLANG_WARN_NON_LITERAL_NULL_CONVERSION = YES;
				CLANG_WARN_OBJC_IMPLICIT_RETAIN_SELF = YES;
				CLANG_WARN_OBJC_LITERAL_CONVERSION = YES;
				CLANG_WARN_OBJC_ROOT_CLASS = YES_ERROR;
				CLANG_WARN_QUOTED_INCLUDE_IN_FRAMEWORK_HEADER = YES;
				CLANG_WARN_RANGE_LOOP_ANALYSIS = YES;
				CLANG_WARN_STRICT_PROTOTYPES = YES;
				CLANG_WARN_SUSPICIOUS_MOVE = YES;
				CLANG_WARN_UNGUARDED_AVAILABILITY = YES_AGGRESSIVE;
				CLANG_WARN_UNREACHABLE_CODE = YES;
				CLANG_WARN__DUPLICATE_METHOD_MATCH = YES;
				COPY_PHASE_STRIP = NO;
				DEBUG_INFORMATION_FORMAT = "dwarf-with-dsym";
				ENABLE_NS_ASSERTIONS = NO;
				ENABLE_STRICT_OBJC_MSGSEND = YES;
				ENABLE_USER_SCRIPT_SANDBOXING = YES;
				GCC_C_LANGUAGE_STANDARD = gnu17;
				GCC_NO_COMMON_BLOCKS = YES;
				GCC_WARN_64_TO_32_BIT_CONVERSION = YES;
				GCC_WARN_ABOUT_RETURN_TYPE = YES_ERROR;
				GCC_WARN_UNDECLARED_SELECTOR = YES;
				GCC_WARN_UNINITIALIZED_AUTOS = YES_AGGRESSIVE;
				GCC_WARN_UNUSED_FUNCTION = YES;
				GCC_WARN_UNUSED_VARIABLE = YES;
				IPHONEOS_DEPLOYMENT_TARGET = 15.6;
				LOCALIZATION_PREFERS_STRING_CATALOGS = YES;
				MTL_ENABLE_DEBUG_INFO = NO;
				MTL_FAST_MATH = YES;
				SDKROOT = iphoneos;
				SWIFT_COMPILATION_MODE = wholemodule;
				VALIDATE_PRODUCT = YES;
			};
			name = Release;
		};
/* End XCBuildConfiguration section */

/* Begin XCConfigurationList section */
		41EF02042DDDFCF000367767 /* Build configuration list for PBXProject "Waddly" */ = {
			isa = XCConfigurationList;
			buildConfigurations = (
				41EF021F2DDDFCF100367767 /* Debug */,
				41EF02202DDDFCF100367767 /* Release */,
			);
			defaultConfigurationIsVisible = 0;
			defaultConfigurationName = Release;
		};
		41EF021C2DDDFCF100367767 /* Build configuration list for PBXNativeTarget "Waddly" */ = {
			isa = XCConfigurationList;
			buildConfigurations = (
				41EF021D2DDDFCF100367767 /* Debug */,
				41EF021E2DDDFCF100367767 /* Release */,
			);
			defaultConfigurationIsVisible = 0;
			defaultConfigurationName = Release;
		};
/* End XCConfigurationList section */

/* Begin XCRemoteSwiftPackageReference section */
		411304232DDF31FB00C847C9 /* XCRemoteSwiftPackageReference "SwiftMessages" */ = {
			isa = XCRemoteSwiftPackageReference;
			repositoryURL = "https://github.com/SwiftKickMobile/SwiftMessages";
			requirement = {
				kind = upToNextMajorVersion;
				minimumVersion = 10.0.1;
			};
		};
		41EF02212DDDFD9F00367767 /* XCRemoteSwiftPackageReference "Swinject" */ = {
			isa = XCRemoteSwiftPackageReference;
			repositoryURL = "https://github.com/Swinject/Swinject";
			requirement = {
				kind = upToNextMajorVersion;
				minimumVersion = 2.9.1;
			};
		};
		41EF02262DDDFDDC00367767 /* XCRemoteSwiftPackageReference "RxSwift" */ = {
			isa = XCRemoteSwiftPackageReference;
			repositoryURL = "https://github.com/ReactiveX/RxSwift";
			requirement = {
				kind = upToNextMajorVersion;
				minimumVersion = 6.9.0;
			};
		};
		41EF02292DDDFDF400367767 /* XCRemoteSwiftPackageReference "SnapKit" */ = {
			isa = XCRemoteSwiftPackageReference;
			repositoryURL = "https://github.com/SnapKit/SnapKit";
			requirement = {
				kind = upToNextMajorVersion;
				minimumVersion = 5.7.1;
			};
		};
		41EF02302DDE015C00367767 /* XCRemoteSwiftPackageReference "realm-swift" */ = {
			isa = XCRemoteSwiftPackageReference;
			repositoryURL = "https://github.com/realm/realm-swift";
			requirement = {
				branch = master;
				kind = branch;
			};
		};
		41EF02382DDE06C700367767 /* XCRemoteSwiftPackageReference "firebase-ios-sdk" */ = {
			isa = XCRemoteSwiftPackageReference;
			repositoryURL = "https://github.com/firebase/firebase-ios-sdk";
			requirement = {
				kind = upToNextMajorVersion;
				minimumVersion = 11.13.0;
			};
		};
/* End XCRemoteSwiftPackageReference section */

/* Begin XCSwiftPackageProductDependency section */
		411304242DDF31FB00C847C9 /* SwiftMessages */ = {
			isa = XCSwiftPackageProductDependency;
			package = 411304232DDF31FB00C847C9 /* XCRemoteSwiftPackageReference "SwiftMessages" */;
			productName = SwiftMessages;
		};
		41EF02222DDDFD9F00367767 /* Swinject */ = {
			isa = XCSwiftPackageProductDependency;
			package = 41EF02212DDDFD9F00367767 /* XCRemoteSwiftPackageReference "Swinject" */;
			productName = Swinject;
		};
		41EF02272DDDFDDC00367767 /* RxSwift */ = {
			isa = XCSwiftPackageProductDependency;
			package = 41EF02262DDDFDDC00367767 /* XCRemoteSwiftPackageReference "RxSwift" */;
			productName = RxSwift;
		};
		41EF022A2DDDFDF400367767 /* SnapKit */ = {
			isa = XCSwiftPackageProductDependency;
			package = 41EF02292DDDFDF400367767 /* XCRemoteSwiftPackageReference "SnapKit" */;
			productName = SnapKit;
		};
		41EF02392DDE06C700367767 /* FirebaseAnalytics */ = {
			isa = XCSwiftPackageProductDependency;
			package = 41EF02382DDE06C700367767 /* XCRemoteSwiftPackageReference "firebase-ios-sdk" */;
			productName = FirebaseAnalytics;
		};
		41EF023B2DDE06C700367767 /* FirebaseAppCheck */ = {
			isa = XCSwiftPackageProductDependency;
			package = 41EF02382DDE06C700367767 /* XCRemoteSwiftPackageReference "firebase-ios-sdk" */;
			productName = FirebaseAppCheck;
		};
		41EF023D2DDE06C700367767 /* FirebaseAuth */ = {
			isa = XCSwiftPackageProductDependency;
			package = 41EF02382DDE06C700367767 /* XCRemoteSwiftPackageReference "firebase-ios-sdk" */;
			productName = FirebaseAuth;
		};
		41EF023F2DDE06C700367767 /* FirebaseCore */ = {
			isa = XCSwiftPackageProductDependency;
			package = 41EF02382DDE06C700367767 /* XCRemoteSwiftPackageReference "firebase-ios-sdk" */;
			productName = FirebaseCore;
		};
		41EF02412DDE06C700367767 /* FirebaseCrashlytics */ = {
			isa = XCSwiftPackageProductDependency;
			package = 41EF02382DDE06C700367767 /* XCRemoteSwiftPackageReference "firebase-ios-sdk" */;
			productName = FirebaseCrashlytics;
		};
		41EF02432DDE06C700367767 /* FirebaseDatabase */ = {
			isa = XCSwiftPackageProductDependency;
			package = 41EF02382DDE06C700367767 /* XCRemoteSwiftPackageReference "firebase-ios-sdk" */;
			productName = FirebaseDatabase;
		};
		41EF02452DDE06C700367767 /* FirebaseFirestore */ = {
			isa = XCSwiftPackageProductDependency;
			package = 41EF02382DDE06C700367767 /* XCRemoteSwiftPackageReference "firebase-ios-sdk" */;
			productName = FirebaseFirestore;
		};
		41EF02472DDE06C700367767 /* FirebaseInAppMessaging-Beta */ = {
			isa = XCSwiftPackageProductDependency;
			package = 41EF02382DDE06C700367767 /* XCRemoteSwiftPackageReference "firebase-ios-sdk" */;
			productName = "FirebaseInAppMessaging-Beta";
		};
		41EF02492DDE06C700367767 /* FirebaseMessaging */ = {
			isa = XCSwiftPackageProductDependency;
			package = 41EF02382DDE06C700367767 /* XCRemoteSwiftPackageReference "firebase-ios-sdk" */;
			productName = FirebaseMessaging;
		};
		41EF024B2DDE06C700367767 /* FirebasePerformance */ = {
			isa = XCSwiftPackageProductDependency;
			package = 41EF02382DDE06C700367767 /* XCRemoteSwiftPackageReference "firebase-ios-sdk" */;
			productName = FirebasePerformance;
		};
		41EF024D2DDE06C700367767 /* FirebaseRemoteConfig */ = {
			isa = XCSwiftPackageProductDependency;
			package = 41EF02382DDE06C700367767 /* XCRemoteSwiftPackageReference "firebase-ios-sdk" */;
			productName = FirebaseRemoteConfig;
		};
		41EF024F2DDE06C700367767 /* FirebaseStorage */ = {
			isa = XCSwiftPackageProductDependency;
			package = 41EF02382DDE06C700367767 /* XCRemoteSwiftPackageReference "firebase-ios-sdk" */;
			productName = FirebaseStorage;
		};
		41EF02562DDE07FE00367767 /* RealmSwift */ = {
			isa = XCSwiftPackageProductDependency;
			package = 41EF02302DDE015C00367767 /* XCRemoteSwiftPackageReference "realm-swift" */;
			productName = RealmSwift;
		};
/* End XCSwiftPackageProductDependency section */
	};
	rootObject = 41EF02012DDDFCF000367767 /* Project object */;
}
